// !$*UTF8*$!
{
	archiveVersion = 1;
	classes = {
	};
	objectVersion = 50;
	objects = {

/* Begin PBXBuildFile section */
		2910BE5D90DFBCEC6A75FBB3 /* libPods-Homework_5.a in Frameworks */ = {isa = PBXBuildFile; fileRef = 371969A37537A3FB699E4EC4 /* libPods-Homework_5.a */; };
		5D4D418425F24917001ECF6E /* AppDelegate.swift in Sources */ = {isa = PBXBuildFile; fileRef = 5D4D418325F24917001ECF6E /* AppDelegate.swift */; };
		5D4D418625F24917001ECF6E /* SceneDelegate.swift in Sources */ = {isa = PBXBuildFile; fileRef = 5D4D418525F24917001ECF6E /* SceneDelegate.swift */; };
		5D4D418825F24917001ECF6E /* WeatherViewController.swift in Sources */ = {isa = PBXBuildFile; fileRef = 5D4D418725F24917001ECF6E /* WeatherViewController.swift */; };
		5D4D418B25F24917001ECF6E /* Main.storyboard in Resources */ = {isa = PBXBuildFile; fileRef = 5D4D418925F24917001ECF6E /* Main.storyboard */; };
		5D4D418D25F2491A001ECF6E /* Assets.xcassets in Resources */ = {isa = PBXBuildFile; fileRef = 5D4D418C25F2491A001ECF6E /* Assets.xcassets */; };
		5D4D419025F2491A001ECF6E /* LaunchScreen.storyboard in Resources */ = {isa = PBXBuildFile; fileRef = 5D4D418E25F2491A001ECF6E /* LaunchScreen.storyboard */; };
		5D4D419A25F24AC4001ECF6E /* CurrentWeather.swift in Sources */ = {isa = PBXBuildFile; fileRef = 5D4D419925F24AC4001ECF6E /* CurrentWeather.swift */; };
		5D4D41A025F25405001ECF6E /* Location.swift in Sources */ = {isa = PBXBuildFile; fileRef = 5D4D419F25F25405001ECF6E /* Location.swift */; };
		5D4D41A525F25757001ECF6E /* Network.swift in Sources */ = {isa = PBXBuildFile; fileRef = 5D4D41A425F25757001ECF6E /* Network.swift */; };
		5D89A1BA25F27007005CB028 /* Weather.swift in Sources */ = {isa = PBXBuildFile; fileRef = 5D89A1B925F27007005CB028 /* Weather.swift */; };
		5DBBDBF925FFD58200683F29 /* AppData.swift in Sources */ = {isa = PBXBuildFile; fileRef = 5DBBDBF825FFD58200683F29 /* AppData.swift */; };
		5DBBDBFC25FFD7DC00683F29 /* Condition.swift in Sources */ = {isa = PBXBuildFile; fileRef = 5DBBDBFB25FFD7DB00683F29 /* Condition.swift */; };
/* End PBXBuildFile section */

/* Begin PBXFileReference section */
		0BE5BE9DD2280F66A9C6C9E6 /* Pods-Homework_5.debug.xcconfig */ = {isa = PBXFileReference; includeInIndex = 1; lastKnownFileType = text.xcconfig; name = "Pods-Homework_5.debug.xcconfig"; path = "Target Support Files/Pods-Homework_5/Pods-Homework_5.debug.xcconfig"; sourceTree = "<group>"; };
		2B4C4329289215891583B4E7 /* Pods-Homework_5.release.xcconfig */ = {isa = PBXFileReference; includeInIndex = 1; lastKnownFileType = text.xcconfig; name = "Pods-Homework_5.release.xcconfig"; path = "Target Support Files/Pods-Homework_5/Pods-Homework_5.release.xcconfig"; sourceTree = "<group>"; };
		371969A37537A3FB699E4EC4 /* libPods-Homework_5.a */ = {isa = PBXFileReference; explicitFileType = archive.ar; includeInIndex = 0; path = "libPods-Homework_5.a"; sourceTree = BUILT_PRODUCTS_DIR; };
		5D4D418025F24917001ECF6E /* Homework_5.app */ = {isa = PBXFileReference; explicitFileType = wrapper.application; includeInIndex = 0; path = Homework_5.app; sourceTree = BUILT_PRODUCTS_DIR; };
		5D4D418325F24917001ECF6E /* AppDelegate.swift */ = {isa = PBXFileReference; lastKnownFileType = sourcecode.swift; path = AppDelegate.swift; sourceTree = "<group>"; };
		5D4D418525F24917001ECF6E /* SceneDelegate.swift */ = {isa = PBXFileReference; lastKnownFileType = sourcecode.swift; path = SceneDelegate.swift; sourceTree = "<group>"; };
		5D4D418725F24917001ECF6E /* WeatherViewController.swift */ = {isa = PBXFileReference; lastKnownFileType = sourcecode.swift; path = WeatherViewController.swift; sourceTree = "<group>"; };
		5D4D418A25F24917001ECF6E /* Base */ = {isa = PBXFileReference; lastKnownFileType = file.storyboard; name = Base; path = Base.lproj/Main.storyboard; sourceTree = "<group>"; };
		5D4D418C25F2491A001ECF6E /* Assets.xcassets */ = {isa = PBXFileReference; lastKnownFileType = folder.assetcatalog; path = Assets.xcassets; sourceTree = "<group>"; };
		5D4D418F25F2491A001ECF6E /* Base */ = {isa = PBXFileReference; lastKnownFileType = file.storyboard; name = Base; path = Base.lproj/LaunchScreen.storyboard; sourceTree = "<group>"; };
		5D4D419125F2491A001ECF6E /* Info.plist */ = {isa = PBXFileReference; lastKnownFileType = text.plist.xml; path = Info.plist; sourceTree = "<group>"; };
		5D4D419925F24AC4001ECF6E /* CurrentWeather.swift */ = {isa = PBXFileReference; lastKnownFileType = sourcecode.swift; path = CurrentWeather.swift; sourceTree = "<group>"; };
		5D4D419F25F25405001ECF6E /* Location.swift */ = {isa = PBXFileReference; lastKnownFileType = sourcecode.swift; path = Location.swift; sourceTree = "<group>"; };
		5D4D41A425F25757001ECF6E /* Network.swift */ = {isa = PBXFileReference; lastKnownFileType = sourcecode.swift; path = Network.swift; sourceTree = "<group>"; };
		5D89A1B925F27007005CB028 /* Weather.swift */ = {isa = PBXFileReference; lastKnownFileType = sourcecode.swift; path = Weather.swift; sourceTree = "<group>"; };
		5DBBDBF825FFD58200683F29 /* AppData.swift */ = {isa = PBXFileReference; lastKnownFileType = sourcecode.swift; path = AppData.swift; sourceTree = "<group>"; };
		5DBBDBFB25FFD7DB00683F29 /* Condition.swift */ = {isa = PBXFileReference; lastKnownFileType = sourcecode.swift; path = Condition.swift; sourceTree = "<group>"; };
/* End PBXFileReference section */

/* Begin PBXFrameworksBuildPhase section */
		5D4D417D25F24917001ECF6E /* Frameworks */ = {
			isa = PBXFrameworksBuildPhase;
			buildActionMask = 2147483647;
			files = (
				2910BE5D90DFBCEC6A75FBB3 /* libPods-Homework_5.a in Frameworks */,
			);
			runOnlyForDeploymentPostprocessing = 0;
		};
/* End PBXFrameworksBuildPhase section */

/* Begin PBXGroup section */
		377F0C5D9772CB4DC1765621 /* Frameworks */ = {
			isa = PBXGroup;
			children = (
				371969A37537A3FB699E4EC4 /* libPods-Homework_5.a */,
			);
			name = Frameworks;
			sourceTree = "<group>";
		};
		5D4D417725F24917001ECF6E = {
			isa = PBXGroup;
			children = (
				5D4D418225F24917001ECF6E /* Homework_5 */,
				5D4D418125F24917001ECF6E /* Products */,
				6732A7D76BFE333286674E88 /* Pods */,
				377F0C5D9772CB4DC1765621 /* Frameworks */,
			);
			sourceTree = "<group>";
		};
		5D4D418125F24917001ECF6E /* Products */ = {
			isa = PBXGroup;
			children = (
				5D4D418025F24917001ECF6E /* Homework_5.app */,
			);
			name = Products;
			sourceTree = "<group>";
		};
		5D4D418225F24917001ECF6E /* Homework_5 */ = {
			isa = PBXGroup;
			children = (
				5DBBDBFE25FFD8DB00683F29 /* Model */,
				5D4D418325F24917001ECF6E /* AppDelegate.swift */,
				5D4D418525F24917001ECF6E /* SceneDelegate.swift */,
				5D4D418725F24917001ECF6E /* WeatherViewController.swift */,
				5D4D418925F24917001ECF6E /* Main.storyboard */,
				5D4D418C25F2491A001ECF6E /* Assets.xcassets */,
				5D4D418E25F2491A001ECF6E /* LaunchScreen.storyboard */,
				5D4D419125F2491A001ECF6E /* Info.plist */,
			);
			path = Homework_5;
			sourceTree = "<group>";
		};
		5DBBDBFE25FFD8DB00683F29 /* Model */ = {
			isa = PBXGroup;
			children = (
				5D4D41A425F25757001ECF6E /* Network.swift */,
				5D4D419925F24AC4001ECF6E /* CurrentWeather.swift */,
				5DBBDBFB25FFD7DB00683F29 /* Condition.swift */,
				5D4D419F25F25405001ECF6E /* Location.swift */,
				5D89A1B925F27007005CB028 /* Weather.swift */,
				5DBBDBF825FFD58200683F29 /* AppData.swift */,
			);
			path = Model;
			sourceTree = "<group>";
		};
		6732A7D76BFE333286674E88 /* Pods */ = {
			isa = PBXGroup;
			children = (
				0BE5BE9DD2280F66A9C6C9E6 /* Pods-Homework_5.debug.xcconfig */,
				2B4C4329289215891583B4E7 /* Pods-Homework_5.release.xcconfig */,
			);
			path = Pods;
			sourceTree = "<group>";
		};
/* End PBXGroup section */

/* Begin PBXNativeTarget section */
		5D4D417F25F24917001ECF6E /* Homework_5 */ = {
			isa = PBXNativeTarget;
			buildConfigurationList = 5D4D419425F2491A001ECF6E /* Build configuration list for PBXNativeTarget "Homework_5" */;
			buildPhases = (
				E414D8F18E6C39AD0F6C8D09 /* [CP] Check Pods Manifest.lock */,
				5D4D417C25F24917001ECF6E /* Sources */,
				5D4D417D25F24917001ECF6E /* Frameworks */,
				5D4D417E25F24917001ECF6E /* Resources */,
			);
			buildRules = (
			);
			dependencies = (
			);
			name = Homework_5;
			productName = Homework_5;
			productReference = 5D4D418025F24917001ECF6E /* Homework_5.app */;
			productType = "com.apple.product-type.application";
		};
/* End PBXNativeTarget section */

/* Begin PBXProject section */
		5D4D417825F24917001ECF6E /* Project object */ = {
			isa = PBXProject;
			attributes = {
				LastSwiftUpdateCheck = 1240;
				LastUpgradeCheck = 1240;
				TargetAttributes = {
					5D4D417F25F24917001ECF6E = {
						CreatedOnToolsVersion = 12.4;
					};
				};
			};
			buildConfigurationList = 5D4D417B25F24917001ECF6E /* Build configuration list for PBXProject "Homework_5" */;
			compatibilityVersion = "Xcode 9.3";
			developmentRegion = en;
			hasScannedForEncodings = 0;
			knownRegions = (
				en,
				Base,
			);
			mainGroup = 5D4D417725F24917001ECF6E;
			productRefGroup = 5D4D418125F24917001ECF6E /* Products */;
			projectDirPath = "";
			projectRoot = "";
			targets = (
				5D4D417F25F24917001ECF6E /* Homework_5 */,
			);
		};
/* End PBXProject section */

/* Begin PBXResourcesBuildPhase section */
		5D4D417E25F24917001ECF6E /* Resources */ = {
			isa = PBXResourcesBuildPhase;
			buildActionMask = 2147483647;
			files = (
				5D4D419025F2491A001ECF6E /* LaunchScreen.storyboard in Resources */,
				5D4D418D25F2491A001ECF6E /* Assets.xcassets in Resources */,
				5D4D418B25F24917001ECF6E /* Main.storyboard in Resources */,
			);
			runOnlyForDeploymentPostprocessing = 0;
		};
/* End PBXResourcesBuildPhase section */

/* Begin PBXShellScriptBuildPhase section */
		E414D8F18E6C39AD0F6C8D09 /* [CP] Check Pods Manifest.lock */ = {
			isa = PBXShellScriptBuildPhase;
			buildActionMask = 2147483647;
			files = (
			);
			inputFileListPaths = (
			);
			inputPaths = (
				"${PODS_PODFILE_DIR_PATH}/Podfile.lock",
				"${PODS_ROOT}/Manifest.lock",
			);
			name = "[CP] Check Pods Manifest.lock";
			outputFileListPaths = (
			);
			outputPaths = (
				"$(DERIVED_FILE_DIR)/Pods-Homework_5-checkManifestLockResult.txt",
			);
			runOnlyForDeploymentPostprocessing = 0;
			shellPath = /bin/sh;
			shellScript = "diff \"${PODS_PODFILE_DIR_PATH}/Podfile.lock\" \"${PODS_ROOT}/Manifest.lock\" > /dev/null\nif [ $? != 0 ] ; then\n    # print error to STDERR\n    echo \"error: The sandbox is not in sync with the Podfile.lock. Run 'pod install' or update your CocoaPods installation.\" >&2\n    exit 1\nfi\n# This output is used by Xcode 'outputs' to avoid re-running this script phase.\necho \"SUCCESS\" > \"${SCRIPT_OUTPUT_FILE_0}\"\n";
			showEnvVarsInLog = 0;
		};
/* End PBXShellScriptBuildPhase section */

/* Begin PBXSourcesBuildPhase section */
		5D4D417C25F24917001ECF6E /* Sources */ = {
			isa = PBXSourcesBuildPhase;
			buildActionMask = 2147483647;
			files = (
				5D4D418825F24917001ECF6E /* WeatherViewController.swift in Sources */,
				5DBBDBFC25FFD7DC00683F29 /* Condition.swift in Sources */,
				5D4D418425F24917001ECF6E /* AppDelegate.swift in Sources */,
				5D4D41A525F25757001ECF6E /* Network.swift in Sources */,
				5DBBDBF925FFD58200683F29 /* AppData.swift in Sources */,
				5D4D419A25F24AC4001ECF6E /* CurrentWeather.swift in Sources */,
				5D4D418625F24917001ECF6E /* SceneDelegate.swift in Sources */,
				5D4D41A025F25405001ECF6E /* Location.swift in Sources */,
				5D89A1BA25F27007005CB028 /* Weather.swift in Sources */,
			);
			runOnlyForDeploymentPostprocessing = 0;
		};
/* End PBXSourcesBuildPhase section */

/* Begin PBXVariantGroup section */
		5D4D418925F24917001ECF6E /* Main.storyboard */ = {
			isa = PBXVariantGroup;
			children = (
				5D4D418A25F24917001ECF6E /* Base */,
			);
			name = Main.storyboard;
			sourceTree = "<group>";
		};
		5D4D418E25F2491A001ECF6E /* LaunchScreen.storyboard */ = {
			isa = PBXVariantGroup;
			children = (
				5D4D418F25F2491A001ECF6E /* Base */,
			);
			name = LaunchScreen.storyboard;
			sourceTree = "<group>";
		};
/* End PBXVariantGroup section */

/* Begin XCBuildConfiguration section */
		5D4D419225F2491A001ECF6E /* Debug */ = {
			isa = XCBuildConfiguration;
			buildSettings = {
				ALWAYS_SEARCH_USER_PATHS = NO;
				CLANG_ANALYZER_NONNULL = YES;
				CLANG_ANALYZER_NUMBER_OBJECT_CONVERSION = YES_AGGRESSIVE;
				CLANG_CXX_LANGUAGE_STANDARD = "gnu++14";
				CLANG_CXX_LIBRARY = "libc++";
				CLANG_ENABLE_MODULES = YES;
				CLANG_ENABLE_OBJC_ARC = YES;
				CLANG_ENABLE_OBJC_WEAK = YES;
				CLANG_WARN_BLOCK_CAPTURE_AUTORELEASING = YES;
				CLANG_WARN_BOOL_CONVERSION = YES;
				CLANG_WARN_COMMA = YES;
				CLANG_WARN_CONSTANT_CONVERSION = YES;
				CLANG_WARN_DEPRECATED_OBJC_IMPLEMENTATIONS = YES;
				CLANG_WARN_DIRECT_OBJC_ISA_USAGE = YES_ERROR;
				CLANG_WARN_DOCUMENTATION_COMMENTS = YES;
				CLANG_WARN_EMPTY_BODY = YES;
				CLANG_WARN_ENUM_CONVERSION = YES;
				CLANG_WARN_INFINITE_RECURSION = YES;
				CLANG_WARN_INT_CONVERSION = YES;
				CLANG_WARN_NON_LITERAL_NULL_CONVERSION = YES;
				CLANG_WARN_OBJC_IMPLICIT_RETAIN_SELF = YES;
				CLANG_WARN_OBJC_LITERAL_CONVERSION = YES;
				CLANG_WARN_OBJC_ROOT_CLASS = YES_ERROR;
				CLANG_WARN_QUOTED_INCLUDE_IN_FRAMEWORK_HEADER = YES;
				CLANG_WARN_RANGE_LOOP_ANALYSIS = YES;
				CLANG_WARN_STRICT_PROTOTYPES = YES;
				CLANG_WARN_SUSPICIOUS_MOVE = YES;
				CLANG_WARN_UNGUARDED_AVAILABILITY = YES_AGGRESSIVE;
				CLANG_WARN_UNREACHABLE_CODE = YES;
				CLANG_WARN__DUPLICATE_METHOD_MATCH = YES;
				COPY_PHASE_STRIP = NO;
				DEBUG_INFORMATION_FORMAT = dwarf;
				ENABLE_STRICT_OBJC_MSGSEND = YES;
				ENABLE_TESTABILITY = YES;
				GCC_C_LANGUAGE_STANDARD = gnu11;
				GCC_DYNAMIC_NO_PIC = NO;
				GCC_NO_COMMON_BLOCKS = YES;
				GCC_OPTIMIZATION_LEVEL = 0;
				GCC_PREPROCESSOR_DEFINITIONS = (
					"DEBUG=1",
					"$(inherited)",
				);
				GCC_WARN_64_TO_32_BIT_CONVERSION = YES;
				GCC_WARN_ABOUT_RETURN_TYPE = YES_ERROR;
				GCC_WARN_UNDECLARED_SELECTOR = YES;
				GCC_WARN_UNINITIALIZED_AUTOS = YES_AGGRESSIVE;
				GCC_WARN_UNUSED_FUNCTION = YES;
				GCC_WARN_UNUSED_VARIABLE = YES;
				IPHONEOS_DEPLOYMENT_TARGET = 14.4;
				MTL_ENABLE_DEBUG_INFO = INCLUDE_SOURCE;
				MTL_FAST_MATH = YES;
				ONLY_ACTIVE_ARCH = YES;
				SDKROOT = iphoneos;
				SWIFT_ACTIVE_COMPILATION_CONDITIONS = DEBUG;
				SWIFT_OPTIMIZATION_LEVEL = "-Onone";
			};
			name = Debug;
		};
		5D4D419325F2491A001ECF6E /* Release */ = {
			isa = XCBuildConfiguration;
			buildSettings = {
				ALWAYS_SEARCH_USER_PATHS = NO;
				CLANG_ANALYZER_NONNULL = YES;
				CLANG_ANALYZER_NUMBER_OBJECT_CONVERSION = YES_AGGRESSIVE;
				CLANG_CXX_LANGUAGE_STANDARD = "gnu++14";
				CLANG_CXX_LIBRARY = "libc++";
				CLANG_ENABLE_MODULES = YES;
				CLANG_ENABLE_OBJC_ARC = YES;
				CLANG_ENABLE_OBJC_WEAK = YES;
				CLANG_WARN_BLOCK_CAPTURE_AUTORELEASING = YES;
				CLANG_WARN_BOOL_CONVERSION = YES;
				CLANG_WARN_COMMA = YES;
				CLANG_WARN_CONSTANT_CONVERSION = YES;
				CLANG_WARN_DEPRECATED_OBJC_IMPLEMENTATIONS = YES;
				CLANG_WARN_DIRECT_OBJC_ISA_USAGE = YES_ERROR;
				CLANG_WARN_DOCUMENTATION_COMMENTS = YES;
				CLANG_WARN_EMPTY_BODY = YES;
				CLANG_WARN_ENUM_CONVERSION = YES;
				CLANG_WARN_INFINITE_RECURSION = YES;
				CLANG_WARN_INT_CONVERSION = YES;
				CLANG_WARN_NON_LITERAL_NULL_CONVERSION = YES;
				CLANG_WARN_OBJC_IMPLICIT_RETAIN_SELF = YES;
				CLANG_WARN_OBJC_LITERAL_CONVERSION = YES;
				CLANG_WARN_OBJC_ROOT_CLASS = YES_ERROR;
				CLANG_WARN_QUOTED_INCLUDE_IN_FRAMEWORK_HEADER = YES;
				CLANG_WARN_RANGE_LOOP_ANALYSIS = YES;
				CLANG_WARN_STRICT_PROTOTYPES = YES;
				CLANG_WARN_SUSPICIOUS_MOVE = YES;
				CLANG_WARN_UNGUARDED_AVAILABILITY = YES_AGGRESSIVE;
				CLANG_WARN_UNREACHABLE_CODE = YES;
				CLANG_WARN__DUPLICATE_METHOD_MATCH = YES;
				COPY_PHASE_STRIP = NO;
				DEBUG_INFORMATION_FORMAT = "dwarf-with-dsym";
				ENABLE_NS_ASSERTIONS = NO;
				ENABLE_STRICT_OBJC_MSGSEND = YES;
				GCC_C_LANGUAGE_STANDARD = gnu11;
				GCC_NO_COMMON_BLOCKS = YES;
				GCC_WARN_64_TO_32_BIT_CONVERSION = YES;
				GCC_WARN_ABOUT_RETURN_TYPE = YES_ERROR;
				GCC_WARN_UNDECLARED_SELECTOR = YES;
				GCC_WARN_UNINITIALIZED_AUTOS = YES_AGGRESSIVE;
				GCC_WARN_UNUSED_FUNCTION = YES;
				GCC_WARN_UNUSED_VARIABLE = YES;
				IPHONEOS_DEPLOYMENT_TARGET = 14.4;
				MTL_ENABLE_DEBUG_INFO = NO;
				MTL_FAST_MATH = YES;
				SDKROOT = iphoneos;
				SWIFT_COMPILATION_MODE = wholemodule;
				SWIFT_OPTIMIZATION_LEVEL = "-O";
				VALIDATE_PRODUCT = YES;
			};
			name = Release;
		};
		5D4D419525F2491A001ECF6E /* Debug */ = {
			isa = XCBuildConfiguration;
			baseConfigurationReference = 0BE5BE9DD2280F66A9C6C9E6 /* Pods-Homework_5.debug.xcconfig */;
			buildSettings = {
				ASSETCATALOG_COMPILER_APPICON_NAME = AppIcon;
				ASSETCATALOG_COMPILER_GLOBAL_ACCENT_COLOR_NAME = AccentColor;
				CODE_SIGN_STYLE = Automatic;
				DEVELOPMENT_TEAM = L363K9J2RM;
				INFOPLIST_FILE = Homework_5/Info.plist;
				LD_RUNPATH_SEARCH_PATHS = (
					"$(inherited)",
					"@executable_path/Frameworks",
				);
				PRODUCT_BUNDLE_IDENTIFIER = "homework.Homework-5";
				PRODUCT_NAME = "$(TARGET_NAME)";
				SWIFT_VERSION = 5.0;
				TARGETED_DEVICE_FAMILY = 1;
			};
			name = Debug;
		};
		5D4D419625F2491A001ECF6E /* Release */ = {
			isa = XCBuildConfiguration;
			baseConfigurationReference = 2B4C4329289215891583B4E7 /* Pods-Homework_5.release.xcconfig */;
			buildSettings = {
				ASSETCATALOG_COMPILER_APPICON_NAME = AppIcon;
				ASSETCATALOG_COMPILER_GLOBAL_ACCENT_COLOR_NAME = AccentColor;
				CODE_SIGN_STYLE = Automatic;
				DEVELOPMENT_TEAM = L363K9J2RM;
				INFOPLIST_FILE = Homework_5/Info.plist;
				LD_RUNPATH_SEARCH_PATHS = (
					"$(inherited)",
					"@executable_path/Frameworks",
				);
				PRODUCT_BUNDLE_IDENTIFIER = "homework.Homework-5";
				PRODUCT_NAME = "$(TARGET_NAME)";
				SWIFT_VERSION = 5.0;
				TARGETED_DEVICE_FAMILY = 1;
			};
			name = Release;
		};
/* End XCBuildConfiguration section */

/* Begin XCConfigurationList section */
		5D4D417B25F24917001ECF6E /* Build configuration list for PBXProject "Homework_5" */ = {
			isa = XCConfigurationList;
			buildConfigurations = (
				5D4D419225F2491A001ECF6E /* Debug */,
				5D4D419325F2491A001ECF6E /* Release */,
			);
			defaultConfigurationIsVisible = 0;
			defaultConfigurationName = Release;
		};
		5D4D419425F2491A001ECF6E /* Build configuration list for PBXNativeTarget "Homework_5" */ = {
			isa = XCConfigurationList;
			buildConfigurations = (
				5D4D419525F2491A001ECF6E /* Debug */,
				5D4D419625F2491A001ECF6E /* Release */,
			);
			defaultConfigurationIsVisible = 0;
			defaultConfigurationName = Release;
		};
/* End XCConfigurationList section */
	};
	rootObject = 5D4D417825F24917001ECF6E /* Project object */;
}
